
Microsoft Visual Studio Solution File, Format Version 12.00
# Visual Studio 15
VisualStudioVersion = 15.0.27428.1
MinimumVisualStudioVersion = 10.0.40219.1
Project("{FAE04EC0-301F-11D3-BF4B-00C04F79EFBC}") = "SendRTA", "SendRTA.csproj", "{3A82E1B4-7234-4B4E-B6C6-FCE6FF0B423F}"
EndProject
Global
	GlobalSection(SolutionConfigurationPlatforms) = preSolution
		Debug|Any CPU = Debug|Any CPU
		Release|Any CPU = Release|Any CPU
	EndGlobalSection
	GlobalSection(ProjectConfigurationPlatforms) = postSolution
		{3A82E1B4-7234-4B4E-B6C6-FCE6FF0B423F}.Debug|Any CPU.ActiveCfg = Debug|Any CPU
		{3A82E1B4-7234-4B4E-B6C6-FCE6FF0B423F}.Debug|Any CPU.Build.0 = Debug|Any CPU
		{3A82E1B4-7234-4B4E-B6C6-FCE6FF0B423F}.Release|Any CPU.ActiveCfg = Release|Any CPU
		{3A82E1B4-7234-4B4E-B6C6-FCE6FF0B423F}.Release|Any CPU.Build.0 = Release|Any CPU
	EndGlobalSection
	GlobalSection(SolutionProperties) = preSolution
		HideSolutionNode = FALSE
	EndGlobalSection
	GlobalSection(ExtensibilityGlobals) = postSolution
		SolutionGuid = {27D0CCA8-572A-4E4A-9CD7-D39DFE61C66F}
	EndGlobalSection
EndGlobal
